# THIS IS AN AUTOGENERATED FILE. DO NOT EDIT THIS FILE DIRECTLY.
# yarn lockfile v1


leaflet.markercluster@0.5.0:
  version "0.5.0"
  resolved "https://registry.yarnpkg.com/leaflet.markercluster/-/leaflet.markercluster-0.5.0.tgz#804a5c2b02ecacb19c064a253396ab60d5df699b"
  dependencies:
    leaflet "~0.7.1"

leaflet@0.7.7, leaflet@~0.7.1:
  version "0.7.7"
  resolved "https://registry.yarnpkg.com/leaflet/-/leaflet-0.7.7.tgz#1e352ba54e63d076451fa363c900890cb2cf75ee"

rails-ujs@rails/rails-ujs:
  version "5.1.0-beta1"
  resolved "https://codeload.github.com/rails/rails-ujs/tar.gz/60553b414a15a0603d294a2bacdf72f155628565"
